
Microsoft Visual Studio Solution File, Format Version 12.00
# Visual Studio Version 17
VisualStudioVersion = 17.9.34728.123
MinimumVisualStudioVersion = 10.0.40219.1
Project("{FAE04EC0-301F-11D3-BF4B-00C04F79EFBC}") = "name-sorter", "NameSorterApp\name-sorter.csproj", "{606FDA3C-FD1A-48AB-B6A6-66D1B5D68D36}"
EndProject
Project("{FAE04EC0-301F-11D3-BF4B-00C04F79EFBC}") = "name-sorter.Test", "name-sorter.Test\name-sorter.Test.csproj", "{DED572E1-04F0-42DC-BBA0-3B4DCD8E09CE}"
EndProject
Global
	GlobalSection(SolutionConfigurationPlatforms) = preSolution
		Debug|Any CPU = Debug|Any CPU
		Release|Any CPU = Release|Any CPU
	EndGlobalSection
	GlobalSection(ProjectConfigurationPlatforms) = postSolution
		{606FDA3C-FD1A-48AB-B6A6-66D1B5D68D36}.Debug|Any CPU.ActiveCfg = Debug|Any CPU
		{606FDA3C-FD1A-48AB-B6A6-66D1B5D68D36}.Debug|Any CPU.Build.0 = Debug|Any CPU
		{606FDA3C-FD1A-48AB-B6A6-66D1B5D68D36}.Release|Any CPU.ActiveCfg = Release|Any CPU
		{606FDA3C-FD1A-48AB-B6A6-66D1B5D68D36}.Release|Any CPU.Build.0 = Release|Any CPU
		{DED572E1-04F0-42DC-BBA0-3B4DCD8E09CE}.Debug|Any CPU.ActiveCfg = Debug|Any CPU
		{DED572E1-04F0-42DC-BBA0-3B4DCD8E09CE}.Debug|Any CPU.Build.0 = Debug|Any CPU
		{DED572E1-04F0-42DC-BBA0-3B4DCD8E09CE}.Release|Any CPU.ActiveCfg = Release|Any CPU
		{DED572E1-04F0-42DC-BBA0-3B4DCD8E09CE}.Release|Any CPU.Build.0 = Release|Any CPU
	EndGlobalSection
	GlobalSection(SolutionProperties) = preSolution
		HideSolutionNode = FALSE
	EndGlobalSection
	GlobalSection(ExtensibilityGlobals) = postSolution
		SolutionGuid = {7CEB6082-2CE8-40E3-99D9-CCF6F763AADF}
	EndGlobalSection
EndGlobal
